// !$*UTF8*$!
{
	archiveVersion = 1;
	classes = {
	};
	objectVersion = 46;
	objects = {

/* Begin PBXGroup section */
		BDB3D20B20B40F0500CB0830 = {
			isa = PBXGroup;
			children = (
			);
			sourceTree = "<group>";
		};
/* End PBXGroup section */

/* Begin PBXProject section */
		BDB3D20C20B40F0500CB0830 /* Project object */ = {
			isa = PBXProject;
			attributes = {
				LastUpgradeCheck = 0820;
			};
			buildConfigurationList = BDB3D20F20B40F0500CB0830 /* Build configuration list for PBXProject "UserTrackingSDK" */;
			compatibilityVersion = "Xcode 3.2";
			developmentRegion = English;
			hasScannedForEncodings = 0;
			knownRegions = (
				en,
			);
			mainGroup = BDB3D20B20B40F0500CB0830;
			projectDirPath = "";
			projectRoot = "";
			targets = (
			);
		};
/* End PBXProject section */

/* Begin XCBuildConfiguration section */
		BDB3D21020B40F0500CB0830 /* Debug */ = {
			isa = XCBuildConfiguration;
			buildSettings = {
			};
			name = Debug;
		};
		BDB3D21120B40F0500CB0830 /* Release */ = {
			isa = XCBuildConfiguration;
			buildSettings = {
			};
			name = Release;
		};
/* End XCBuildConfiguration section */

/* Begin XCConfigurationList section */
		BDB3D20F20B40F0500CB0830 /* Build configuration list for PBXProject "UserTrackingSDK" */ = {
			isa = XCConfigurationList;
			buildConfigurations = (
				BDB3D21020B40F0500CB0830 /* Debug */,
				BDB3D21120B40F0500CB0830 /* Release */,
			);
			defaultConfigurationIsVisible = 0;
			defaultConfigurationName = Release;
		};
/* End XCConfigurationList section */
	};
	rootObject = BDB3D20C20B40F0500CB0830 /* Project object */;
}
